
Microsoft Visual Studio Solution File, Format Version 12.00
# Visual Studio 15
VisualStudioVersion = 15.0.28307.438
MinimumVisualStudioVersion = 10.0.40219.1
Project("{FAE04EC0-301F-11D3-BF4B-00C04F79EFBC}") = "Coban.Market.Web", "Coban.Market.Web\Coban.Market.Web.csproj", "{22BCDB26-FDCB-41F5-9DCF-F020A648403D}"
EndProject
Global
	GlobalSection(SolutionConfigurationPlatforms) = preSolution
		Debug|Any CPU = Debug|Any CPU
		Release|Any CPU = Release|Any CPU
	EndGlobalSection
	GlobalSection(ProjectConfigurationPlatforms) = postSolution
		{22BCDB26-FDCB-41F5-9DCF-F020A648403D}.Debug|Any CPU.ActiveCfg = Debug|Any CPU
		{22BCDB26-FDCB-41F5-9DCF-F020A648403D}.Debug|Any CPU.Build.0 = Debug|Any CPU
		{22BCDB26-FDCB-41F5-9DCF-F020A648403D}.Release|Any CPU.ActiveCfg = Release|Any CPU
		{22BCDB26-FDCB-41F5-9DCF-F020A648403D}.Release|Any CPU.Build.0 = Release|Any CPU
	EndGlobalSection
	GlobalSection(SolutionProperties) = preSolution
		HideSolutionNode = FALSE
	EndGlobalSection
	GlobalSection(ExtensibilityGlobals) = postSolution
		SolutionGuid = {FB56D3EA-1EBF-4EEC-A112-729F11AB56C5}
	EndGlobalSection
EndGlobal
